
Microsoft Visual Studio Solution File, Format Version 12.00
# Visual Studio Version 16
VisualStudioVersion = 16.0.29020.237
MinimumVisualStudioVersion = 10.0.40219.1
Project("{8BC9CEB8-8B4A-11D0-8D11-00A0C91BC942}") = "Chapter2-Init", "Chapter1\Chapter1.vcxproj", "{25AB9E80-65AC-4BC1-BB44-08BF0B15232F}"
EndProject
Project("{8BC9CEB8-8B4A-11D0-8D11-00A0C91BC942}") = "CustomTraits", "CustomTraits\CustomTraits.vcxproj", "{F8C8F634-8E81-4CA7-A5F8-A9CCF2F74116}"
EndProject
Project("{8BC9CEB8-8B4A-11D0-8D11-00A0C91BC942}") = "Display", "Display\Display.vcxproj", "{A674818C-12B9-4B83-BEC7-C29987C6CA64}"
EndProject
Project("{8BC9CEB8-8B4A-11D0-8D11-00A0C91BC942}") = "Chapter1-Survey", "Chapter1-Survey\Chapter1-Survey.vcxproj", "{98908B5D-D589-4068-AE11-1D1B634AA040}"
EndProject
Project("{8BC9CEB8-8B4A-11D0-8D11-00A0C91BC942}") = "Chapter4-classes", "Chapter4-classes\Chapter4-classes.vcxproj", "{B74B0D2B-FBEA-4BB6-9EF4-3583AD1D7488}"
EndProject
Project("{8BC9CEB8-8B4A-11D0-8D11-00A0C91BC942}") = "Chapter1-overloading", "Chapter1-overloading\Chapter1-overloading.vcxproj", "{27DF138C-AEB2-46EE-B2AB-1C4559F03B97}"
EndProject
Project("{8BC9CEB8-8B4A-11D0-8D11-00A0C91BC942}") = "Chapter2-Data", "Chapter2-Data\Chapter2-Data.vcxproj", "{759B638C-3884-4662-A275-E74893825FC1}"
EndProject
Project("{8BC9CEB8-8B4A-11D0-8D11-00A0C91BC942}") = "Chapter2-STL", "Chapter2-STL\Chapter2-STL.vcxproj", "{A1B32BCB-B4CB-42F0-9B16-7963FF97BC2D}"
EndProject
Project("{8BC9CEB8-8B4A-11D0-8D11-00A0C91BC942}") = "DirWalker", "DirWalker\DirWalker.vcxproj", "{FADC62E7-3BB5-4389-A172-B7C071DD7D63}"
EndProject
Project("{8BC9CEB8-8B4A-11D0-8D11-00A0C91BC942}") = "Chapter1-Overriding", "Chapter1-Overriding\Chapter1-Overriding.vcxproj", "{7A85E056-E1A2-4A19-A70E-23754BAE8E50}"
EndProject
Project("{8BC9CEB8-8B4A-11D0-8D11-00A0C91BC942}") = "Chapter2-sizes", "Chapter2-sizes\Chapter2-sizes.vcxproj", "{7E373E33-518D-4483-A195-5F41BA172B5A}"
EndProject
Project("{8BC9CEB8-8B4A-11D0-8D11-00A0C91BC942}") = "Chapter3-Coercion", "Chapter3-Coercion\Chapter3-Coercion.vcxproj", "{B32CB5FD-31D0-4AA3-9BEA-7F4C2D95AEB2}"
EndProject
Project("{8BC9CEB8-8B4A-11D0-8D11-00A0C91BC942}") = "Chapter3-functions", "Chapter3-functions\Chapter3-functions.vcxproj", "{B3B0C3BD-0557-4515-9E21-C27BECF52180}"
EndProject
Project("{8BC9CEB8-8B4A-11D0-8D11-00A0C91BC942}") = "Chapter3-Logger", "Chapter3-Logger\Chapter3-Logger.vcxproj", "{9370B1BD-84BC-4A21-8CF0-5E4274A0DDEE}"
EndProject
Project("{8BC9CEB8-8B4A-11D0-8D11-00A0C91BC942}") = "Chapter3-CallableObjects", "Chapter3-CallableObjects\Chapter3-CallableObjects.vcxproj", "{D15874C9-CAFD-4672-B98B-ADE4044FB324}"
EndProject
Project("{8BC9CEB8-8B4A-11D0-8D11-00A0C91BC942}") = "Chapter3-STL", "Chapter3-STL\Chapter3-STL.vcxproj", "{456CE94A-FFD8-4F84-9419-20B227E192FF}"
EndProject
Project("{8BC9CEB8-8B4A-11D0-8D11-00A0C91BC942}") = "Chapter3-CopyOperations", "Chapter3-CopyOperations\Chapter3-CopyOperations.vcxproj", "{E92817D0-F022-4FAE-B0A0-5DDB1EA41127}"
EndProject
Project("{8BC9CEB8-8B4A-11D0-8D11-00A0C91BC942}") = "Chapter3-assignmentOperations", "Chapter3-assignmentOperations\Chapter3-assignmentOperations.vcxproj", "{2233E859-6195-4AD2-9EC3-C46E29499326}"
EndProject
Project("{8BC9CEB8-8B4A-11D0-8D11-00A0C91BC942}") = "Chapter3-ReturnValueOptimization", "Chapter3-ReturnValueOptimization\Chapter3-ReturnValueOptimization.vcxproj", "{06C3F9A3-1A30-40D8-AA74-B51F4DF1F615}"
EndProject
Project("{8BC9CEB8-8B4A-11D0-8D11-00A0C91BC942}") = "Chapter5-ClassLayout", "Chapter5-ClassLayout\Chapter5-ClassLayout.vcxproj", "{F4FB9465-8ACE-45C1-B891-E76279DF0941}"
EndProject
Project("{8BC9CEB8-8B4A-11D0-8D11-00A0C91BC942}") = "Chapter1-Person", "Chapter1-Person\Chapter1-Person.vcxproj", "{FA8FBFE1-0AB5-415D-80D6-05A1EAA36629}"
EndProject
Project("{8BC9CEB8-8B4A-11D0-8D11-00A0C91BC942}") = "Chapter6-TemplateFunctions", "Chapter6-TemplateFunctions\Chapter6-TemplateFunctions.vcxproj", "{1F483135-68B6-46AB-BA67-0337C87BC2EA}"
EndProject
Project("{8BC9CEB8-8B4A-11D0-8D11-00A0C91BC942}") = "Chapter6-TypeTransformations", "Chapter6-TypeTransformations\Chapter6-TypeTransformations.vcxproj", "{C306DE11-16D6-4382-BA80-D595AFF9ABC8}"
EndProject
Project("{8BC9CEB8-8B4A-11D0-8D11-00A0C91BC942}") = "Chapter5-PeopleHierarchy", "Chapter5-PeopleHierarchy\Chapter5-PeopleHierarchy.vcxproj", "{6D352708-76AF-4E73-95B6-B086CADF4325}"
EndProject
Project("{8BC9CEB8-8B4A-11D0-8D11-00A0C91BC942}") = "Chapter5-Polymorphism", "Chapter5-Polymorphism\Chapter5-Polymorphism.vcxproj", "{3C4DE35F-8E4E-416F-8486-ADFB00AFF7E0}"
EndProject
Project("{8BC9CEB8-8B4A-11D0-8D11-00A0C91BC942}") = "Chapter6-TestingTypeTesters", "Chapter6-TestingTypeTesters\Chapter6-TestingTypeTesters.vcxproj", "{863F53DE-BF0E-4CDD-A92B-423BCA4B45A0}"
EndProject
Project("{8BC9CEB8-8B4A-11D0-8D11-00A0C91BC942}") = "Chapter6-TemplateClasses", "Chapter6-TemplateClasses\Chapter6-TemplateClasses.vcxproj", "{C4FA8A31-DBFB-489D-B00E-D5C1EEBFBF1F}"
EndProject
Project("{8BC9CEB8-8B4A-11D0-8D11-00A0C91BC942}") = "Chapter6-TemplateSpecialization", "Chapter6-TemplateSpecialization\Chapter6-TemplateSpecialization.vcxproj", "{27A737EB-FD60-474C-A40C-67D8FE8D6900}"
EndProject
Project("{8BC9CEB8-8B4A-11D0-8D11-00A0C91BC942}") = "Chapter6-SFINAE", "Chapter6-SFINAE\Chapter6-SFINAE.vcxproj", "{5281845C-F574-43CC-929E-8704D6E80A51}"
EndProject
Project("{8BC9CEB8-8B4A-11D0-8D11-00A0C91BC942}") = "Chapter7-TemplateSpecialization", "Chapter7-TemplateSpecialization\Chapter7-TemplateSpecialization.vcxproj", "{85199370-9E7F-4C8B-9215-D1A66600CD6A}"
EndProject
Project("{8BC9CEB8-8B4A-11D0-8D11-00A0C91BC942}") = "Chapter6-Property", "Chapter6-Property\Chapter6-Property.vcxproj", "{E59E774F-E699-48F6-82A4-4F1410E0A9A4}"
EndProject
Project("{8BC9CEB8-8B4A-11D0-8D11-00A0C91BC942}") = "Chapter3-QuickExample", "Chapter3-QuickExample\Chapter3-QuickExample.vcxproj", "{3833B3B4-23E6-4504-9BF2-D6F84AF6FB12}"
EndProject
Project("{8BC9CEB8-8B4A-11D0-8D11-00A0C91BC942}") = "Chapter4-QuickExample", "Chapter4-QuickExample\Chapter4-QuickExample.vcxproj", "{9C35338C-DA9B-4DD8-962C-67E2FE63C83C}"
EndProject
Project("{8BC9CEB8-8B4A-11D0-8D11-00A0C91BC942}") = "Chapter5-QuickExample", "Chapter5-QuickExample\Chapter5-QuickExample.vcxproj", "{A4776D90-6C28-4E2D-861A-FD7D099231AE}"
EndProject
Project("{8BC9CEB8-8B4A-11D0-8D11-00A0C91BC942}") = "Chapter6-QuickExample", "Chapter6-QuickExample\Chapter6-QuickExample.vcxproj", "{10FDCFB3-C19B-4E5C-8C3C-7E1BFCFF6F7E}"
EndProject
Project("{8BC9CEB8-8B4A-11D0-8D11-00A0C91BC942}") = "Chapter6-Properties", "Chapter6-Properties\Chapter6-Properties.vcxproj", "{72EB3C52-6D1C-4715-B962-3966BEC98B27}"
EndProject
Project("{8BC9CEB8-8B4A-11D0-8D11-00A0C91BC942}") = "Chapter6-CodeFragments", "Chapter6-CodeFragments\Chapter6-CodeFragments.vcxproj", "{7BA58204-449E-4FB0-8548-D0606C858FAC}"
EndProject
Project("{8BC9CEB8-8B4A-11D0-8D11-00A0C91BC942}") = "Chapter7-QuickExample", "Chapter7-QuickExample\Chapter7-QuickExample.vcxproj", "{C6A5DD81-43C1-4E4F-9622-41C3CCD68E6D}"
EndProject
Project("{8BC9CEB8-8B4A-11D0-8D11-00A0C91BC942}") = "Chapter7-CustomTypeTraits", "Chapter7-CustomTypeTraits\Chapter7-CustomTypeTraits.vcxproj", "{926B42BA-7343-482E-A815-09C8CF75B21F}"
EndProject
Project("{8BC9CEB8-8B4A-11D0-8D11-00A0C91BC942}") = "Chapter7-VariadicFunctions", "Chapter7-VariadicFunctions\Chapter7-VariadicFunctions.vcxproj", "{F9D0E685-3853-462D-A780-F907FD00F1AE}"
EndProject
Global
	GlobalSection(SolutionConfigurationPlatforms) = preSolution
		Debug|x64 = Debug|x64
		Debug|x86 = Debug|x86
		Release|x64 = Release|x64
		Release|x86 = Release|x86
	EndGlobalSection
	GlobalSection(ProjectConfigurationPlatforms) = postSolution
		{25AB9E80-65AC-4BC1-BB44-08BF0B15232F}.Debug|x64.ActiveCfg = Debug|x64
		{25AB9E80-65AC-4BC1-BB44-08BF0B15232F}.Debug|x64.Build.0 = Debug|x64
		{25AB9E80-65AC-4BC1-BB44-08BF0B15232F}.Debug|x86.ActiveCfg = Debug|Win32
		{25AB9E80-65AC-4BC1-BB44-08BF0B15232F}.Debug|x86.Build.0 = Debug|Win32
		{25AB9E80-65AC-4BC1-BB44-08BF0B15232F}.Release|x64.ActiveCfg = Release|x64
		{25AB9E80-65AC-4BC1-BB44-08BF0B15232F}.Release|x64.Build.0 = Release|x64
		{25AB9E80-65AC-4BC1-BB44-08BF0B15232F}.Release|x86.ActiveCfg = Release|Win32
		{25AB9E80-65AC-4BC1-BB44-08BF0B15232F}.Release|x86.Build.0 = Release|Win32
		{F8C8F634-8E81-4CA7-A5F8-A9CCF2F74116}.Debug|x64.ActiveCfg = Debug|x64
		{F8C8F634-8E81-4CA7-A5F8-A9CCF2F74116}.Debug|x64.Build.0 = Debug|x64
		{F8C8F634-8E81-4CA7-A5F8-A9CCF2F74116}.Debug|x86.ActiveCfg = Debug|Win32
		{F8C8F634-8E81-4CA7-A5F8-A9CCF2F74116}.Debug|x86.Build.0 = Debug|Win32
		{F8C8F634-8E81-4CA7-A5F8-A9CCF2F74116}.Release|x64.ActiveCfg = Release|x64
		{F8C8F634-8E81-4CA7-A5F8-A9CCF2F74116}.Release|x64.Build.0 = Release|x64
		{F8C8F634-8E81-4CA7-A5F8-A9CCF2F74116}.Release|x86.ActiveCfg = Release|Win32
		{F8C8F634-8E81-4CA7-A5F8-A9CCF2F74116}.Release|x86.Build.0 = Release|Win32
		{A674818C-12B9-4B83-BEC7-C29987C6CA64}.Debug|x64.ActiveCfg = Debug|x64
		{A674818C-12B9-4B83-BEC7-C29987C6CA64}.Debug|x64.Build.0 = Debug|x64
		{A674818C-12B9-4B83-BEC7-C29987C6CA64}.Debug|x86.ActiveCfg = Debug|Win32
		{A674818C-12B9-4B83-BEC7-C29987C6CA64}.Debug|x86.Build.0 = Debug|Win32
		{A674818C-12B9-4B83-BEC7-C29987C6CA64}.Release|x64.ActiveCfg = Release|x64
		{A674818C-12B9-4B83-BEC7-C29987C6CA64}.Release|x64.Build.0 = Release|x64
		{A674818C-12B9-4B83-BEC7-C29987C6CA64}.Release|x86.ActiveCfg = Release|Win32
		{A674818C-12B9-4B83-BEC7-C29987C6CA64}.Release|x86.Build.0 = Release|Win32
		{98908B5D-D589-4068-AE11-1D1B634AA040}.Debug|x64.ActiveCfg = Debug|x64
		{98908B5D-D589-4068-AE11-1D1B634AA040}.Debug|x64.Build.0 = Debug|x64
		{98908B5D-D589-4068-AE11-1D1B634AA040}.Debug|x86.ActiveCfg = Debug|Win32
		{98908B5D-D589-4068-AE11-1D1B634AA040}.Debug|x86.Build.0 = Debug|Win32
		{98908B5D-D589-4068-AE11-1D1B634AA040}.Release|x64.ActiveCfg = Release|x64
		{98908B5D-D589-4068-AE11-1D1B634AA040}.Release|x64.Build.0 = Release|x64
		{98908B5D-D589-4068-AE11-1D1B634AA040}.Release|x86.ActiveCfg = Release|Win32
		{98908B5D-D589-4068-AE11-1D1B634AA040}.Release|x86.Build.0 = Release|Win32
		{B74B0D2B-FBEA-4BB6-9EF4-3583AD1D7488}.Debug|x64.ActiveCfg = Debug|x64
		{B74B0D2B-FBEA-4BB6-9EF4-3583AD1D7488}.Debug|x64.Build.0 = Debug|x64
		{B74B0D2B-FBEA-4BB6-9EF4-3583AD1D7488}.Debug|x86.ActiveCfg = Debug|Win32
		{B74B0D2B-FBEA-4BB6-9EF4-3583AD1D7488}.Debug|x86.Build.0 = Debug|Win32
		{B74B0D2B-FBEA-4BB6-9EF4-3583AD1D7488}.Release|x64.ActiveCfg = Release|x64
		{B74B0D2B-FBEA-4BB6-9EF4-3583AD1D7488}.Release|x64.Build.0 = Release|x64
		{B74B0D2B-FBEA-4BB6-9EF4-3583AD1D7488}.Release|x86.ActiveCfg = Release|Win32
		{B74B0D2B-FBEA-4BB6-9EF4-3583AD1D7488}.Release|x86.Build.0 = Release|Win32
		{27DF138C-AEB2-46EE-B2AB-1C4559F03B97}.Debug|x64.ActiveCfg = Debug|x64
		{27DF138C-AEB2-46EE-B2AB-1C4559F03B97}.Debug|x64.Build.0 = Debug|x64
		{27DF138C-AEB2-46EE-B2AB-1C4559F03B97}.Debug|x86.ActiveCfg = Debug|Win32
		{27DF138C-AEB2-46EE-B2AB-1C4559F03B97}.Debug|x86.Build.0 = Debug|Win32
		{27DF138C-AEB2-46EE-B2AB-1C4559F03B97}.Release|x64.ActiveCfg = Release|x64
		{27DF138C-AEB2-46EE-B2AB-1C4559F03B97}.Release|x64.Build.0 = Release|x64
		{27DF138C-AEB2-46EE-B2AB-1C4559F03B97}.Release|x86.ActiveCfg = Release|Win32
		{27DF138C-AEB2-46EE-B2AB-1C4559F03B97}.Release|x86.Build.0 = Release|Win32
		{759B638C-3884-4662-A275-E74893825FC1}.Debug|x64.ActiveCfg = Debug|x64
		{759B638C-3884-4662-A275-E74893825FC1}.Debug|x64.Build.0 = Debug|x64
		{759B638C-3884-4662-A275-E74893825FC1}.Debug|x86.ActiveCfg = Debug|Win32
		{759B638C-3884-4662-A275-E74893825FC1}.Debug|x86.Build.0 = Debug|Win32
		{759B638C-3884-4662-A275-E74893825FC1}.Release|x64.ActiveCfg = Release|x64
		{759B638C-3884-4662-A275-E74893825FC1}.Release|x64.Build.0 = Release|x64
		{759B638C-3884-4662-A275-E74893825FC1}.Release|x86.ActiveCfg = Release|Win32
		{759B638C-3884-4662-A275-E74893825FC1}.Release|x86.Build.0 = Release|Win32
		{A1B32BCB-B4CB-42F0-9B16-7963FF97BC2D}.Debug|x64.ActiveCfg = Debug|x64
		{A1B32BCB-B4CB-42F0-9B16-7963FF97BC2D}.Debug|x64.Build.0 = Debug|x64
		{A1B32BCB-B4CB-42F0-9B16-7963FF97BC2D}.Debug|x86.ActiveCfg = Debug|Win32
		{A1B32BCB-B4CB-42F0-9B16-7963FF97BC2D}.Debug|x86.Build.0 = Debug|Win32
		{A1B32BCB-B4CB-42F0-9B16-7963FF97BC2D}.Release|x64.ActiveCfg = Release|x64
		{A1B32BCB-B4CB-42F0-9B16-7963FF97BC2D}.Release|x64.Build.0 = Release|x64
		{A1B32BCB-B4CB-42F0-9B16-7963FF97BC2D}.Release|x86.ActiveCfg = Release|Win32
		{A1B32BCB-B4CB-42F0-9B16-7963FF97BC2D}.Release|x86.Build.0 = Release|Win32
		{FADC62E7-3BB5-4389-A172-B7C071DD7D63}.Debug|x64.ActiveCfg = Debug|x64
		{FADC62E7-3BB5-4389-A172-B7C071DD7D63}.Debug|x64.Build.0 = Debug|x64
		{FADC62E7-3BB5-4389-A172-B7C071DD7D63}.Debug|x86.ActiveCfg = Debug|Win32
		{FADC62E7-3BB5-4389-A172-B7C071DD7D63}.Debug|x86.Build.0 = Debug|Win32
		{FADC62E7-3BB5-4389-A172-B7C071DD7D63}.Release|x64.ActiveCfg = Release|x64
		{FADC62E7-3BB5-4389-A172-B7C071DD7D63}.Release|x64.Build.0 = Release|x64
		{FADC62E7-3BB5-4389-A172-B7C071DD7D63}.Release|x86.ActiveCfg = Release|Win32
		{FADC62E7-3BB5-4389-A172-B7C071DD7D63}.Release|x86.Build.0 = Release|Win32
		{7A85E056-E1A2-4A19-A70E-23754BAE8E50}.Debug|x64.ActiveCfg = Debug|x64
		{7A85E056-E1A2-4A19-A70E-23754BAE8E50}.Debug|x64.Build.0 = Debug|x64
		{7A85E056-E1A2-4A19-A70E-23754BAE8E50}.Debug|x86.ActiveCfg = Debug|Win32
		{7A85E056-E1A2-4A19-A70E-23754BAE8E50}.Debug|x86.Build.0 = Debug|Win32
		{7A85E056-E1A2-4A19-A70E-23754BAE8E50}.Release|x64.ActiveCfg = Release|x64
		{7A85E056-E1A2-4A19-A70E-23754BAE8E50}.Release|x64.Build.0 = Release|x64
		{7A85E056-E1A2-4A19-A70E-23754BAE8E50}.Release|x86.ActiveCfg = Release|Win32
		{7A85E056-E1A2-4A19-A70E-23754BAE8E50}.Release|x86.Build.0 = Release|Win32
		{7E373E33-518D-4483-A195-5F41BA172B5A}.Debug|x64.ActiveCfg = Debug|x64
		{7E373E33-518D-4483-A195-5F41BA172B5A}.Debug|x64.Build.0 = Debug|x64
		{7E373E33-518D-4483-A195-5F41BA172B5A}.Debug|x86.ActiveCfg = Debug|Win32
		{7E373E33-518D-4483-A195-5F41BA172B5A}.Debug|x86.Build.0 = Debug|Win32
		{7E373E33-518D-4483-A195-5F41BA172B5A}.Release|x64.ActiveCfg = Release|x64
		{7E373E33-518D-4483-A195-5F41BA172B5A}.Release|x64.Build.0 = Release|x64
		{7E373E33-518D-4483-A195-5F41BA172B5A}.Release|x86.ActiveCfg = Release|Win32
		{7E373E33-518D-4483-A195-5F41BA172B5A}.Release|x86.Build.0 = Release|Win32
		{B32CB5FD-31D0-4AA3-9BEA-7F4C2D95AEB2}.Debug|x64.ActiveCfg = Debug|x64
		{B32CB5FD-31D0-4AA3-9BEA-7F4C2D95AEB2}.Debug|x64.Build.0 = Debug|x64
		{B32CB5FD-31D0-4AA3-9BEA-7F4C2D95AEB2}.Debug|x86.ActiveCfg = Debug|Win32
		{B32CB5FD-31D0-4AA3-9BEA-7F4C2D95AEB2}.Debug|x86.Build.0 = Debug|Win32
		{B32CB5FD-31D0-4AA3-9BEA-7F4C2D95AEB2}.Release|x64.ActiveCfg = Release|x64
		{B32CB5FD-31D0-4AA3-9BEA-7F4C2D95AEB2}.Release|x64.Build.0 = Release|x64
		{B32CB5FD-31D0-4AA3-9BEA-7F4C2D95AEB2}.Release|x86.ActiveCfg = Release|Win32
		{B32CB5FD-31D0-4AA3-9BEA-7F4C2D95AEB2}.Release|x86.Build.0 = Release|Win32
		{B3B0C3BD-0557-4515-9E21-C27BECF52180}.Debug|x64.ActiveCfg = Debug|x64
		{B3B0C3BD-0557-4515-9E21-C27BECF52180}.Debug|x64.Build.0 = Debug|x64
		{B3B0C3BD-0557-4515-9E21-C27BECF52180}.Debug|x86.ActiveCfg = Debug|Win32
		{B3B0C3BD-0557-4515-9E21-C27BECF52180}.Debug|x86.Build.0 = Debug|Win32
		{B3B0C3BD-0557-4515-9E21-C27BECF52180}.Release|x64.ActiveCfg = Release|x64
		{B3B0C3BD-0557-4515-9E21-C27BECF52180}.Release|x64.Build.0 = Release|x64
		{B3B0C3BD-0557-4515-9E21-C27BECF52180}.Release|x86.ActiveCfg = Release|Win32
		{B3B0C3BD-0557-4515-9E21-C27BECF52180}.Release|x86.Build.0 = Release|Win32
		{9370B1BD-84BC-4A21-8CF0-5E4274A0DDEE}.Debug|x64.ActiveCfg = Debug|x64
		{9370B1BD-84BC-4A21-8CF0-5E4274A0DDEE}.Debug|x64.Build.0 = Debug|x64
		{9370B1BD-84BC-4A21-8CF0-5E4274A0DDEE}.Debug|x86.ActiveCfg = Debug|Win32
		{9370B1BD-84BC-4A21-8CF0-5E4274A0DDEE}.Debug|x86.Build.0 = Debug|Win32
		{9370B1BD-84BC-4A21-8CF0-5E4274A0DDEE}.Release|x64.ActiveCfg = Release|x64
		{9370B1BD-84BC-4A21-8CF0-5E4274A0DDEE}.Release|x64.Build.0 = Release|x64
		{9370B1BD-84BC-4A21-8CF0-5E4274A0DDEE}.Release|x86.ActiveCfg = Release|Win32
		{9370B1BD-84BC-4A21-8CF0-5E4274A0DDEE}.Release|x86.Build.0 = Release|Win32
		{D15874C9-CAFD-4672-B98B-ADE4044FB324}.Debug|x64.ActiveCfg = Debug|x64
		{D15874C9-CAFD-4672-B98B-ADE4044FB324}.Debug|x64.Build.0 = Debug|x64
		{D15874C9-CAFD-4672-B98B-ADE4044FB324}.Debug|x86.ActiveCfg = Debug|Win32
		{D15874C9-CAFD-4672-B98B-ADE4044FB324}.Debug|x86.Build.0 = Debug|Win32
		{D15874C9-CAFD-4672-B98B-ADE4044FB324}.Release|x64.ActiveCfg = Release|x64
		{D15874C9-CAFD-4672-B98B-ADE4044FB324}.Release|x64.Build.0 = Release|x64
		{D15874C9-CAFD-4672-B98B-ADE4044FB324}.Release|x86.ActiveCfg = Release|Win32
		{D15874C9-CAFD-4672-B98B-ADE4044FB324}.Release|x86.Build.0 = Release|Win32
		{456CE94A-FFD8-4F84-9419-20B227E192FF}.Debug|x64.ActiveCfg = Debug|x64
		{456CE94A-FFD8-4F84-9419-20B227E192FF}.Debug|x64.Build.0 = Debug|x64
		{456CE94A-FFD8-4F84-9419-20B227E192FF}.Debug|x86.ActiveCfg = Debug|Win32
		{456CE94A-FFD8-4F84-9419-20B227E192FF}.Debug|x86.Build.0 = Debug|Win32
		{456CE94A-FFD8-4F84-9419-20B227E192FF}.Release|x64.ActiveCfg = Release|x64
		{456CE94A-FFD8-4F84-9419-20B227E192FF}.Release|x64.Build.0 = Release|x64
		{456CE94A-FFD8-4F84-9419-20B227E192FF}.Release|x86.ActiveCfg = Release|Win32
		{456CE94A-FFD8-4F84-9419-20B227E192FF}.Release|x86.Build.0 = Release|Win32
		{E92817D0-F022-4FAE-B0A0-5DDB1EA41127}.Debug|x64.ActiveCfg = Debug|x64
		{E92817D0-F022-4FAE-B0A0-5DDB1EA41127}.Debug|x64.Build.0 = Debug|x64
		{E92817D0-F022-4FAE-B0A0-5DDB1EA41127}.Debug|x86.ActiveCfg = Debug|Win32
		{E92817D0-F022-4FAE-B0A0-5DDB1EA41127}.Debug|x86.Build.0 = Debug|Win32
		{E92817D0-F022-4FAE-B0A0-5DDB1EA41127}.Release|x64.ActiveCfg = Release|x64
		{E92817D0-F022-4FAE-B0A0-5DDB1EA41127}.Release|x64.Build.0 = Release|x64
		{E92817D0-F022-4FAE-B0A0-5DDB1EA41127}.Release|x86.ActiveCfg = Release|Win32
		{E92817D0-F022-4FAE-B0A0-5DDB1EA41127}.Release|x86.Build.0 = Release|Win32
		{2233E859-6195-4AD2-9EC3-C46E29499326}.Debug|x64.ActiveCfg = Debug|x64
		{2233E859-6195-4AD2-9EC3-C46E29499326}.Debug|x64.Build.0 = Debug|x64
		{2233E859-6195-4AD2-9EC3-C46E29499326}.Debug|x86.ActiveCfg = Debug|Win32
		{2233E859-6195-4AD2-9EC3-C46E29499326}.Debug|x86.Build.0 = Debug|Win32
		{2233E859-6195-4AD2-9EC3-C46E29499326}.Release|x64.ActiveCfg = Release|x64
		{2233E859-6195-4AD2-9EC3-C46E29499326}.Release|x64.Build.0 = Release|x64
		{2233E859-6195-4AD2-9EC3-C46E29499326}.Release|x86.ActiveCfg = Release|Win32
		{2233E859-6195-4AD2-9EC3-C46E29499326}.Release|x86.Build.0 = Release|Win32
		{06C3F9A3-1A30-40D8-AA74-B51F4DF1F615}.Debug|x64.ActiveCfg = Debug|x64
		{06C3F9A3-1A30-40D8-AA74-B51F4DF1F615}.Debug|x64.Build.0 = Debug|x64
		{06C3F9A3-1A30-40D8-AA74-B51F4DF1F615}.Debug|x86.ActiveCfg = Debug|Win32
		{06C3F9A3-1A30-40D8-AA74-B51F4DF1F615}.Debug|x86.Build.0 = Debug|Win32
		{06C3F9A3-1A30-40D8-AA74-B51F4DF1F615}.Release|x64.ActiveCfg = Release|x64
		{06C3F9A3-1A30-40D8-AA74-B51F4DF1F615}.Release|x64.Build.0 = Release|x64
		{06C3F9A3-1A30-40D8-AA74-B51F4DF1F615}.Release|x86.ActiveCfg = Release|Win32
		{06C3F9A3-1A30-40D8-AA74-B51F4DF1F615}.Release|x86.Build.0 = Release|Win32
		{F4FB9465-8ACE-45C1-B891-E76279DF0941}.Debug|x64.ActiveCfg = Debug|Win32
		{F4FB9465-8ACE-45C1-B891-E76279DF0941}.Debug|x64.Build.0 = Debug|Win32
		{F4FB9465-8ACE-45C1-B891-E76279DF0941}.Debug|x86.ActiveCfg = Debug|Win32
		{F4FB9465-8ACE-45C1-B891-E76279DF0941}.Debug|x86.Build.0 = Debug|Win32
		{F4FB9465-8ACE-45C1-B891-E76279DF0941}.Release|x64.ActiveCfg = Release|x64
		{F4FB9465-8ACE-45C1-B891-E76279DF0941}.Release|x64.Build.0 = Release|x64
		{F4FB9465-8ACE-45C1-B891-E76279DF0941}.Release|x86.ActiveCfg = Release|Win32
		{F4FB9465-8ACE-45C1-B891-E76279DF0941}.Release|x86.Build.0 = Release|Win32
		{FA8FBFE1-0AB5-415D-80D6-05A1EAA36629}.Debug|x64.ActiveCfg = Debug|x64
		{FA8FBFE1-0AB5-415D-80D6-05A1EAA36629}.Debug|x64.Build.0 = Debug|x64
		{FA8FBFE1-0AB5-415D-80D6-05A1EAA36629}.Debug|x86.ActiveCfg = Debug|Win32
		{FA8FBFE1-0AB5-415D-80D6-05A1EAA36629}.Debug|x86.Build.0 = Debug|Win32
		{FA8FBFE1-0AB5-415D-80D6-05A1EAA36629}.Release|x64.ActiveCfg = Release|x64
		{FA8FBFE1-0AB5-415D-80D6-05A1EAA36629}.Release|x64.Build.0 = Release|x64
		{FA8FBFE1-0AB5-415D-80D6-05A1EAA36629}.Release|x86.ActiveCfg = Release|Win32
		{FA8FBFE1-0AB5-415D-80D6-05A1EAA36629}.Release|x86.Build.0 = Release|Win32
		{1F483135-68B6-46AB-BA67-0337C87BC2EA}.Debug|x64.ActiveCfg = Debug|x64
		{1F483135-68B6-46AB-BA67-0337C87BC2EA}.Debug|x64.Build.0 = Debug|x64
		{1F483135-68B6-46AB-BA67-0337C87BC2EA}.Debug|x86.ActiveCfg = Debug|Win32
		{1F483135-68B6-46AB-BA67-0337C87BC2EA}.Debug|x86.Build.0 = Debug|Win32
		{1F483135-68B6-46AB-BA67-0337C87BC2EA}.Release|x64.ActiveCfg = Release|x64
		{1F483135-68B6-46AB-BA67-0337C87BC2EA}.Release|x64.Build.0 = Release|x64
		{1F483135-68B6-46AB-BA67-0337C87BC2EA}.Release|x86.ActiveCfg = Release|Win32
		{1F483135-68B6-46AB-BA67-0337C87BC2EA}.Release|x86.Build.0 = Release|Win32
		{C306DE11-16D6-4382-BA80-D595AFF9ABC8}.Debug|x64.ActiveCfg = Debug|x64
		{C306DE11-16D6-4382-BA80-D595AFF9ABC8}.Debug|x64.Build.0 = Debug|x64
		{C306DE11-16D6-4382-BA80-D595AFF9ABC8}.Debug|x86.ActiveCfg = Debug|Win32
		{C306DE11-16D6-4382-BA80-D595AFF9ABC8}.Debug|x86.Build.0 = Debug|Win32
		{C306DE11-16D6-4382-BA80-D595AFF9ABC8}.Release|x64.ActiveCfg = Release|x64
		{C306DE11-16D6-4382-BA80-D595AFF9ABC8}.Release|x64.Build.0 = Release|x64
		{C306DE11-16D6-4382-BA80-D595AFF9ABC8}.Release|x86.ActiveCfg = Release|Win32
		{C306DE11-16D6-4382-BA80-D595AFF9ABC8}.Release|x86.Build.0 = Release|Win32
		{6D352708-76AF-4E73-95B6-B086CADF4325}.Debug|x64.ActiveCfg = Debug|x64
		{6D352708-76AF-4E73-95B6-B086CADF4325}.Debug|x64.Build.0 = Debug|x64
		{6D352708-76AF-4E73-95B6-B086CADF4325}.Debug|x86.ActiveCfg = Debug|Win32
		{6D352708-76AF-4E73-95B6-B086CADF4325}.Debug|x86.Build.0 = Debug|Win32
		{6D352708-76AF-4E73-95B6-B086CADF4325}.Release|x64.ActiveCfg = Release|x64
		{6D352708-76AF-4E73-95B6-B086CADF4325}.Release|x64.Build.0 = Release|x64
		{6D352708-76AF-4E73-95B6-B086CADF4325}.Release|x86.ActiveCfg = Release|Win32
		{6D352708-76AF-4E73-95B6-B086CADF4325}.Release|x86.Build.0 = Release|Win32
		{3C4DE35F-8E4E-416F-8486-ADFB00AFF7E0}.Debug|x64.ActiveCfg = Debug|x64
		{3C4DE35F-8E4E-416F-8486-ADFB00AFF7E0}.Debug|x64.Build.0 = Debug|x64
		{3C4DE35F-8E4E-416F-8486-ADFB00AFF7E0}.Debug|x86.ActiveCfg = Debug|Win32
		{3C4DE35F-8E4E-416F-8486-ADFB00AFF7E0}.Debug|x86.Build.0 = Debug|Win32
		{3C4DE35F-8E4E-416F-8486-ADFB00AFF7E0}.Release|x64.ActiveCfg = Release|x64
		{3C4DE35F-8E4E-416F-8486-ADFB00AFF7E0}.Release|x64.Build.0 = Release|x64
		{3C4DE35F-8E4E-416F-8486-ADFB00AFF7E0}.Release|x86.ActiveCfg = Release|Win32
		{3C4DE35F-8E4E-416F-8486-ADFB00AFF7E0}.Release|x86.Build.0 = Release|Win32
		{863F53DE-BF0E-4CDD-A92B-423BCA4B45A0}.Debug|x64.ActiveCfg = Debug|Win32
		{863F53DE-BF0E-4CDD-A92B-423BCA4B45A0}.Debug|x64.Build.0 = Debug|Win32
		{863F53DE-BF0E-4CDD-A92B-423BCA4B45A0}.Debug|x86.ActiveCfg = Debug|Win32
		{863F53DE-BF0E-4CDD-A92B-423BCA4B45A0}.Debug|x86.Build.0 = Debug|Win32
		{863F53DE-BF0E-4CDD-A92B-423BCA4B45A0}.Release|x64.ActiveCfg = Release|x64
		{863F53DE-BF0E-4CDD-A92B-423BCA4B45A0}.Release|x64.Build.0 = Release|x64
		{863F53DE-BF0E-4CDD-A92B-423BCA4B45A0}.Release|x86.ActiveCfg = Release|Win32
		{863F53DE-BF0E-4CDD-A92B-423BCA4B45A0}.Release|x86.Build.0 = Release|Win32
		{C4FA8A31-DBFB-489D-B00E-D5C1EEBFBF1F}.Debug|x64.ActiveCfg = Debug|x64
		{C4FA8A31-DBFB-489D-B00E-D5C1EEBFBF1F}.Debug|x64.Build.0 = Debug|x64
		{C4FA8A31-DBFB-489D-B00E-D5C1EEBFBF1F}.Debug|x86.ActiveCfg = Debug|Win32
		{C4FA8A31-DBFB-489D-B00E-D5C1EEBFBF1F}.Debug|x86.Build.0 = Debug|Win32
		{C4FA8A31-DBFB-489D-B00E-D5C1EEBFBF1F}.Release|x64.ActiveCfg = Release|x64
		{C4FA8A31-DBFB-489D-B00E-D5C1EEBFBF1F}.Release|x64.Build.0 = Release|x64
		{C4FA8A31-DBFB-489D-B00E-D5C1EEBFBF1F}.Release|x86.ActiveCfg = Release|Win32
		{C4FA8A31-DBFB-489D-B00E-D5C1EEBFBF1F}.Release|x86.Build.0 = Release|Win32
		{27A737EB-FD60-474C-A40C-67D8FE8D6900}.Debug|x64.ActiveCfg = Debug|x64
		{27A737EB-FD60-474C-A40C-67D8FE8D6900}.Debug|x64.Build.0 = Debug|x64
		{27A737EB-FD60-474C-A40C-67D8FE8D6900}.Debug|x86.ActiveCfg = Debug|Win32
		{27A737EB-FD60-474C-A40C-67D8FE8D6900}.Debug|x86.Build.0 = Debug|Win32
		{27A737EB-FD60-474C-A40C-67D8FE8D6900}.Release|x64.ActiveCfg = Release|x64
		{27A737EB-FD60-474C-A40C-67D8FE8D6900}.Release|x64.Build.0 = Release|x64
		{27A737EB-FD60-474C-A40C-67D8FE8D6900}.Release|x86.ActiveCfg = Release|Win32
		{27A737EB-FD60-474C-A40C-67D8FE8D6900}.Release|x86.Build.0 = Release|Win32
		{5281845C-F574-43CC-929E-8704D6E80A51}.Debug|x64.ActiveCfg = Debug|x64
		{5281845C-F574-43CC-929E-8704D6E80A51}.Debug|x64.Build.0 = Debug|x64
		{5281845C-F574-43CC-929E-8704D6E80A51}.Debug|x86.ActiveCfg = Debug|Win32
		{5281845C-F574-43CC-929E-8704D6E80A51}.Debug|x86.Build.0 = Debug|Win32
		{5281845C-F574-43CC-929E-8704D6E80A51}.Release|x64.ActiveCfg = Release|x64
		{5281845C-F574-43CC-929E-8704D6E80A51}.Release|x64.Build.0 = Release|x64
		{5281845C-F574-43CC-929E-8704D6E80A51}.Release|x86.ActiveCfg = Release|Win32
		{5281845C-F574-43CC-929E-8704D6E80A51}.Release|x86.Build.0 = Release|Win32
		{85199370-9E7F-4C8B-9215-D1A66600CD6A}.Debug|x64.ActiveCfg = Debug|x64
		{85199370-9E7F-4C8B-9215-D1A66600CD6A}.Debug|x64.Build.0 = Debug|x64
		{85199370-9E7F-4C8B-9215-D1A66600CD6A}.Debug|x86.ActiveCfg = Debug|Win32
		{85199370-9E7F-4C8B-9215-D1A66600CD6A}.Debug|x86.Build.0 = Debug|Win32
		{85199370-9E7F-4C8B-9215-D1A66600CD6A}.Release|x64.ActiveCfg = Release|x64
		{85199370-9E7F-4C8B-9215-D1A66600CD6A}.Release|x64.Build.0 = Release|x64
		{85199370-9E7F-4C8B-9215-D1A66600CD6A}.Release|x86.ActiveCfg = Release|Win32
		{85199370-9E7F-4C8B-9215-D1A66600CD6A}.Release|x86.Build.0 = Release|Win32
		{E59E774F-E699-48F6-82A4-4F1410E0A9A4}.Debug|x64.ActiveCfg = Debug|x64
		{E59E774F-E699-48F6-82A4-4F1410E0A9A4}.Debug|x64.Build.0 = Debug|x64
		{E59E774F-E699-48F6-82A4-4F1410E0A9A4}.Debug|x86.ActiveCfg = Debug|Win32
		{E59E774F-E699-48F6-82A4-4F1410E0A9A4}.Debug|x86.Build.0 = Debug|Win32
		{E59E774F-E699-48F6-82A4-4F1410E0A9A4}.Release|x64.ActiveCfg = Release|x64
		{E59E774F-E699-48F6-82A4-4F1410E0A9A4}.Release|x64.Build.0 = Release|x64
		{E59E774F-E699-48F6-82A4-4F1410E0A9A4}.Release|x86.ActiveCfg = Release|Win32
		{E59E774F-E699-48F6-82A4-4F1410E0A9A4}.Release|x86.Build.0 = Release|Win32
		{3833B3B4-23E6-4504-9BF2-D6F84AF6FB12}.Debug|x64.ActiveCfg = Debug|x64
		{3833B3B4-23E6-4504-9BF2-D6F84AF6FB12}.Debug|x64.Build.0 = Debug|x64
		{3833B3B4-23E6-4504-9BF2-D6F84AF6FB12}.Debug|x86.ActiveCfg = Debug|Win32
		{3833B3B4-23E6-4504-9BF2-D6F84AF6FB12}.Debug|x86.Build.0 = Debug|Win32
		{3833B3B4-23E6-4504-9BF2-D6F84AF6FB12}.Release|x64.ActiveCfg = Release|x64
		{3833B3B4-23E6-4504-9BF2-D6F84AF6FB12}.Release|x64.Build.0 = Release|x64
		{3833B3B4-23E6-4504-9BF2-D6F84AF6FB12}.Release|x86.ActiveCfg = Release|Win32
		{3833B3B4-23E6-4504-9BF2-D6F84AF6FB12}.Release|x86.Build.0 = Release|Win32
		{9C35338C-DA9B-4DD8-962C-67E2FE63C83C}.Debug|x64.ActiveCfg = Debug|x64
		{9C35338C-DA9B-4DD8-962C-67E2FE63C83C}.Debug|x64.Build.0 = Debug|x64
		{9C35338C-DA9B-4DD8-962C-67E2FE63C83C}.Debug|x86.ActiveCfg = Debug|Win32
		{9C35338C-DA9B-4DD8-962C-67E2FE63C83C}.Debug|x86.Build.0 = Debug|Win32
		{9C35338C-DA9B-4DD8-962C-67E2FE63C83C}.Release|x64.ActiveCfg = Release|x64
		{9C35338C-DA9B-4DD8-962C-67E2FE63C83C}.Release|x64.Build.0 = Release|x64
		{9C35338C-DA9B-4DD8-962C-67E2FE63C83C}.Release|x86.ActiveCfg = Release|Win32
		{9C35338C-DA9B-4DD8-962C-67E2FE63C83C}.Release|x86.Build.0 = Release|Win32
		{A4776D90-6C28-4E2D-861A-FD7D099231AE}.Debug|x64.ActiveCfg = Debug|x64
		{A4776D90-6C28-4E2D-861A-FD7D099231AE}.Debug|x64.Build.0 = Debug|x64
		{A4776D90-6C28-4E2D-861A-FD7D099231AE}.Debug|x86.ActiveCfg = Debug|Win32
		{A4776D90-6C28-4E2D-861A-FD7D099231AE}.Debug|x86.Build.0 = Debug|Win32
		{A4776D90-6C28-4E2D-861A-FD7D099231AE}.Release|x64.ActiveCfg = Release|x64
		{A4776D90-6C28-4E2D-861A-FD7D099231AE}.Release|x64.Build.0 = Release|x64
		{A4776D90-6C28-4E2D-861A-FD7D099231AE}.Release|x86.ActiveCfg = Release|Win32
		{A4776D90-6C28-4E2D-861A-FD7D099231AE}.Release|x86.Build.0 = Release|Win32
		{10FDCFB3-C19B-4E5C-8C3C-7E1BFCFF6F7E}.Debug|x64.ActiveCfg = Debug|x64
		{10FDCFB3-C19B-4E5C-8C3C-7E1BFCFF6F7E}.Debug|x64.Build.0 = Debug|x64
		{10FDCFB3-C19B-4E5C-8C3C-7E1BFCFF6F7E}.Debug|x86.ActiveCfg = Debug|Win32
		{10FDCFB3-C19B-4E5C-8C3C-7E1BFCFF6F7E}.Debug|x86.Build.0 = Debug|Win32
		{10FDCFB3-C19B-4E5C-8C3C-7E1BFCFF6F7E}.Release|x64.ActiveCfg = Release|x64
		{10FDCFB3-C19B-4E5C-8C3C-7E1BFCFF6F7E}.Release|x64.Build.0 = Release|x64
		{10FDCFB3-C19B-4E5C-8C3C-7E1BFCFF6F7E}.Release|x86.ActiveCfg = Release|Win32
		{10FDCFB3-C19B-4E5C-8C3C-7E1BFCFF6F7E}.Release|x86.Build.0 = Release|Win32
		{72EB3C52-6D1C-4715-B962-3966BEC98B27}.Debug|x64.ActiveCfg = Debug|x64
		{72EB3C52-6D1C-4715-B962-3966BEC98B27}.Debug|x64.Build.0 = Debug|x64
		{72EB3C52-6D1C-4715-B962-3966BEC98B27}.Debug|x86.ActiveCfg = Debug|Win32
		{72EB3C52-6D1C-4715-B962-3966BEC98B27}.Debug|x86.Build.0 = Debug|Win32
		{72EB3C52-6D1C-4715-B962-3966BEC98B27}.Release|x64.ActiveCfg = Release|x64
		{72EB3C52-6D1C-4715-B962-3966BEC98B27}.Release|x64.Build.0 = Release|x64
		{72EB3C52-6D1C-4715-B962-3966BEC98B27}.Release|x86.ActiveCfg = Release|Win32
		{72EB3C52-6D1C-4715-B962-3966BEC98B27}.Release|x86.Build.0 = Release|Win32
		{7BA58204-449E-4FB0-8548-D0606C858FAC}.Debug|x64.ActiveCfg = Debug|x64
		{7BA58204-449E-4FB0-8548-D0606C858FAC}.Debug|x64.Build.0 = Debug|x64
		{7BA58204-449E-4FB0-8548-D0606C858FAC}.Debug|x86.ActiveCfg = Debug|Win32
		{7BA58204-449E-4FB0-8548-D0606C858FAC}.Debug|x86.Build.0 = Debug|Win32
		{7BA58204-449E-4FB0-8548-D0606C858FAC}.Release|x64.ActiveCfg = Release|x64
		{7BA58204-449E-4FB0-8548-D0606C858FAC}.Release|x64.Build.0 = Release|x64
		{7BA58204-449E-4FB0-8548-D0606C858FAC}.Release|x86.ActiveCfg = Release|Win32
		{7BA58204-449E-4FB0-8548-D0606C858FAC}.Release|x86.Build.0 = Release|Win32
		{C6A5DD81-43C1-4E4F-9622-41C3CCD68E6D}.Debug|x64.ActiveCfg = Debug|x64
		{C6A5DD81-43C1-4E4F-9622-41C3CCD68E6D}.Debug|x64.Build.0 = Debug|x64
		{C6A5DD81-43C1-4E4F-9622-41C3CCD68E6D}.Debug|x86.ActiveCfg = Debug|Win32
		{C6A5DD81-43C1-4E4F-9622-41C3CCD68E6D}.Debug|x86.Build.0 = Debug|Win32
		{C6A5DD81-43C1-4E4F-9622-41C3CCD68E6D}.Release|x64.ActiveCfg = Release|x64
		{C6A5DD81-43C1-4E4F-9622-41C3CCD68E6D}.Release|x64.Build.0 = Release|x64
		{C6A5DD81-43C1-4E4F-9622-41C3CCD68E6D}.Release|x86.ActiveCfg = Release|Win32
		{C6A5DD81-43C1-4E4F-9622-41C3CCD68E6D}.Release|x86.Build.0 = Release|Win32
		{926B42BA-7343-482E-A815-09C8CF75B21F}.Debug|x64.ActiveCfg = Debug|x64
		{926B42BA-7343-482E-A815-09C8CF75B21F}.Debug|x64.Build.0 = Debug|x64
		{926B42BA-7343-482E-A815-09C8CF75B21F}.Debug|x86.ActiveCfg = Debug|Win32
		{926B42BA-7343-482E-A815-09C8CF75B21F}.Debug|x86.Build.0 = Debug|Win32
		{926B42BA-7343-482E-A815-09C8CF75B21F}.Release|x64.ActiveCfg = Release|x64
		{926B42BA-7343-482E-A815-09C8CF75B21F}.Release|x64.Build.0 = Release|x64
		{926B42BA-7343-482E-A815-09C8CF75B21F}.Release|x86.ActiveCfg = Release|Win32
		{926B42BA-7343-482E-A815-09C8CF75B21F}.Release|x86.Build.0 = Release|Win32
		{F9D0E685-3853-462D-A780-F907FD00F1AE}.Debug|x64.ActiveCfg = Debug|x64
		{F9D0E685-3853-462D-A780-F907FD00F1AE}.Debug|x64.Build.0 = Debug|x64
		{F9D0E685-3853-462D-A780-F907FD00F1AE}.Debug|x86.ActiveCfg = Debug|Win32
		{F9D0E685-3853-462D-A780-F907FD00F1AE}.Debug|x86.Build.0 = Debug|Win32
		{F9D0E685-3853-462D-A780-F907FD00F1AE}.Release|x64.ActiveCfg = Release|x64
		{F9D0E685-3853-462D-A780-F907FD00F1AE}.Release|x64.Build.0 = Release|x64
		{F9D0E685-3853-462D-A780-F907FD00F1AE}.Release|x86.ActiveCfg = Release|Win32
		{F9D0E685-3853-462D-A780-F907FD00F1AE}.Release|x86.Build.0 = Release|Win32
	EndGlobalSection
	GlobalSection(SolutionProperties) = preSolution
		HideSolutionNode = FALSE
	EndGlobalSection
	GlobalSection(ExtensibilityGlobals) = postSolution
		SolutionGuid = {537557C0-405E-424C-AC27-281D6BF83FBD}
	EndGlobalSection
EndGlobal
