
Microsoft Visual Studio Solution File, Format Version 12.00
# Visual Studio Version 16
VisualStudioVersion = 16.0.29020.237
MinimumVisualStudioVersion = 10.0.40219.1
Project("{8BC9CEB8-8B4A-11D0-8D11-00A0C91BC942}") = "Chapter1-Init", "Chapter1\Chapter1.vcxproj", "{25AB9E80-65AC-4BC1-BB44-08BF0B15232F}"
EndProject
Project("{8BC9CEB8-8B4A-11D0-8D11-00A0C91BC942}") = "Chap1-sizes", "Chap1-sizes\Chap1-sizes.vcxproj", "{7E373E33-518D-4483-A195-5F41BA172B5A}"
EndProject
Project("{8BC9CEB8-8B4A-11D0-8D11-00A0C91BC942}") = "CustomTraits", "CustomTraits\CustomTraits.vcxproj", "{F8C8F634-8E81-4CA7-A5F8-A9CCF2F74116}"
EndProject
Project("{8BC9CEB8-8B4A-11D0-8D11-00A0C91BC942}") = "Display", "Display\Display.vcxproj", "{A674818C-12B9-4B83-BEC7-C29987C6CA64}"
EndProject
Project("{8BC9CEB8-8B4A-11D0-8D11-00A0C91BC942}") = "Chapter1-Survey", "Chapter1-Survey\Chapter1-Survey.vcxproj", "{98908B5D-D589-4068-AE11-1D1B634AA040}"
EndProject
Project("{8BC9CEB8-8B4A-11D0-8D11-00A0C91BC942}") = "Chapter4-classes", "Chapter4-classes\Chapter4-classes.vcxproj", "{B74B0D2B-FBEA-4BB6-9EF4-3583AD1D7488}"
EndProject
Project("{8BC9CEB8-8B4A-11D0-8D11-00A0C91BC942}") = "Chapter1-Person", "Chapter1-Person\Chapter1-Person.vcxproj", "{FA8FBFE1-0AB5-415D-80D6-05A1EAA36629}"
EndProject
Project("{8BC9CEB8-8B4A-11D0-8D11-00A0C91BC942}") = "Chapter1-Dev", "Chapter1-Dev\Chapter1-Dev.vcxproj", "{D143B5FD-7DDF-4D18-8564-22D276E6B436}"
EndProject
Project("{8BC9CEB8-8B4A-11D0-8D11-00A0C91BC942}") = "Chapter1-PersonTest", "Chapter1-PersonTest\Chapter1-PersonTest.vcxproj", "{2D47EF97-7141-4698-B29D-B0BB952C4AF0}"
EndProject
Project("{8BC9CEB8-8B4A-11D0-8D11-00A0C91BC942}") = "Chapter1-DevTest", "Chapter1-DevTest\Chapter1-DevTest.vcxproj", "{31D8A611-AEC7-4FB5-A676-9120E5B5F4B2}"
EndProject
Project("{8BC9CEB8-8B4A-11D0-8D11-00A0C91BC942}") = "Chapter1-overloading", "Chapter1-overloading\Chapter1-overloading.vcxproj", "{27DF138C-AEB2-46EE-B2AB-1C4559F03B97}"
EndProject
Global
	GlobalSection(SolutionConfigurationPlatforms) = preSolution
		Debug|x64 = Debug|x64
		Debug|x86 = Debug|x86
		Release|x64 = Release|x64
		Release|x86 = Release|x86
	EndGlobalSection
	GlobalSection(ProjectConfigurationPlatforms) = postSolution
		{25AB9E80-65AC-4BC1-BB44-08BF0B15232F}.Debug|x64.ActiveCfg = Debug|x64
		{25AB9E80-65AC-4BC1-BB44-08BF0B15232F}.Debug|x64.Build.0 = Debug|x64
		{25AB9E80-65AC-4BC1-BB44-08BF0B15232F}.Debug|x86.ActiveCfg = Debug|Win32
		{25AB9E80-65AC-4BC1-BB44-08BF0B15232F}.Release|x64.ActiveCfg = Release|x64
		{25AB9E80-65AC-4BC1-BB44-08BF0B15232F}.Release|x64.Build.0 = Release|x64
		{25AB9E80-65AC-4BC1-BB44-08BF0B15232F}.Release|x86.ActiveCfg = Release|Win32
		{25AB9E80-65AC-4BC1-BB44-08BF0B15232F}.Release|x86.Build.0 = Release|Win32
		{7E373E33-518D-4483-A195-5F41BA172B5A}.Debug|x64.ActiveCfg = Debug|x64
		{7E373E33-518D-4483-A195-5F41BA172B5A}.Debug|x64.Build.0 = Debug|x64
		{7E373E33-518D-4483-A195-5F41BA172B5A}.Debug|x86.ActiveCfg = Debug|Win32
		{7E373E33-518D-4483-A195-5F41BA172B5A}.Release|x64.ActiveCfg = Release|x64
		{7E373E33-518D-4483-A195-5F41BA172B5A}.Release|x64.Build.0 = Release|x64
		{7E373E33-518D-4483-A195-5F41BA172B5A}.Release|x86.ActiveCfg = Release|Win32
		{7E373E33-518D-4483-A195-5F41BA172B5A}.Release|x86.Build.0 = Release|Win32
		{F8C8F634-8E81-4CA7-A5F8-A9CCF2F74116}.Debug|x64.ActiveCfg = Debug|x64
		{F8C8F634-8E81-4CA7-A5F8-A9CCF2F74116}.Debug|x64.Build.0 = Debug|x64
		{F8C8F634-8E81-4CA7-A5F8-A9CCF2F74116}.Debug|x86.ActiveCfg = Debug|Win32
		{F8C8F634-8E81-4CA7-A5F8-A9CCF2F74116}.Release|x64.ActiveCfg = Release|x64
		{F8C8F634-8E81-4CA7-A5F8-A9CCF2F74116}.Release|x64.Build.0 = Release|x64
		{F8C8F634-8E81-4CA7-A5F8-A9CCF2F74116}.Release|x86.ActiveCfg = Release|Win32
		{F8C8F634-8E81-4CA7-A5F8-A9CCF2F74116}.Release|x86.Build.0 = Release|Win32
		{A674818C-12B9-4B83-BEC7-C29987C6CA64}.Debug|x64.ActiveCfg = Debug|x64
		{A674818C-12B9-4B83-BEC7-C29987C6CA64}.Debug|x64.Build.0 = Debug|x64
		{A674818C-12B9-4B83-BEC7-C29987C6CA64}.Debug|x86.ActiveCfg = Debug|Win32
		{A674818C-12B9-4B83-BEC7-C29987C6CA64}.Release|x64.ActiveCfg = Release|x64
		{A674818C-12B9-4B83-BEC7-C29987C6CA64}.Release|x64.Build.0 = Release|x64
		{A674818C-12B9-4B83-BEC7-C29987C6CA64}.Release|x86.ActiveCfg = Release|Win32
		{A674818C-12B9-4B83-BEC7-C29987C6CA64}.Release|x86.Build.0 = Release|Win32
		{98908B5D-D589-4068-AE11-1D1B634AA040}.Debug|x64.ActiveCfg = Debug|x64
		{98908B5D-D589-4068-AE11-1D1B634AA040}.Debug|x64.Build.0 = Debug|x64
		{98908B5D-D589-4068-AE11-1D1B634AA040}.Debug|x86.ActiveCfg = Debug|Win32
		{98908B5D-D589-4068-AE11-1D1B634AA040}.Release|x64.ActiveCfg = Release|x64
		{98908B5D-D589-4068-AE11-1D1B634AA040}.Release|x64.Build.0 = Release|x64
		{98908B5D-D589-4068-AE11-1D1B634AA040}.Release|x86.ActiveCfg = Release|Win32
		{98908B5D-D589-4068-AE11-1D1B634AA040}.Release|x86.Build.0 = Release|Win32
		{B74B0D2B-FBEA-4BB6-9EF4-3583AD1D7488}.Debug|x64.ActiveCfg = Debug|x64
		{B74B0D2B-FBEA-4BB6-9EF4-3583AD1D7488}.Debug|x64.Build.0 = Debug|x64
		{B74B0D2B-FBEA-4BB6-9EF4-3583AD1D7488}.Debug|x86.ActiveCfg = Debug|Win32
		{B74B0D2B-FBEA-4BB6-9EF4-3583AD1D7488}.Release|x64.ActiveCfg = Release|x64
		{B74B0D2B-FBEA-4BB6-9EF4-3583AD1D7488}.Release|x64.Build.0 = Release|x64
		{B74B0D2B-FBEA-4BB6-9EF4-3583AD1D7488}.Release|x86.ActiveCfg = Release|Win32
		{B74B0D2B-FBEA-4BB6-9EF4-3583AD1D7488}.Release|x86.Build.0 = Release|Win32
		{FA8FBFE1-0AB5-415D-80D6-05A1EAA36629}.Debug|x64.ActiveCfg = Debug|x64
		{FA8FBFE1-0AB5-415D-80D6-05A1EAA36629}.Debug|x64.Build.0 = Debug|x64
		{FA8FBFE1-0AB5-415D-80D6-05A1EAA36629}.Debug|x86.ActiveCfg = Debug|Win32
		{FA8FBFE1-0AB5-415D-80D6-05A1EAA36629}.Debug|x86.Build.0 = Debug|Win32
		{FA8FBFE1-0AB5-415D-80D6-05A1EAA36629}.Release|x64.ActiveCfg = Release|x64
		{FA8FBFE1-0AB5-415D-80D6-05A1EAA36629}.Release|x64.Build.0 = Release|x64
		{FA8FBFE1-0AB5-415D-80D6-05A1EAA36629}.Release|x86.ActiveCfg = Release|Win32
		{FA8FBFE1-0AB5-415D-80D6-05A1EAA36629}.Release|x86.Build.0 = Release|Win32
		{D143B5FD-7DDF-4D18-8564-22D276E6B436}.Debug|x64.ActiveCfg = Debug|x64
		{D143B5FD-7DDF-4D18-8564-22D276E6B436}.Debug|x64.Build.0 = Debug|x64
		{D143B5FD-7DDF-4D18-8564-22D276E6B436}.Debug|x86.ActiveCfg = Debug|Win32
		{D143B5FD-7DDF-4D18-8564-22D276E6B436}.Release|x64.ActiveCfg = Release|x64
		{D143B5FD-7DDF-4D18-8564-22D276E6B436}.Release|x64.Build.0 = Release|x64
		{D143B5FD-7DDF-4D18-8564-22D276E6B436}.Release|x86.ActiveCfg = Release|Win32
		{D143B5FD-7DDF-4D18-8564-22D276E6B436}.Release|x86.Build.0 = Release|Win32
		{2D47EF97-7141-4698-B29D-B0BB952C4AF0}.Debug|x64.ActiveCfg = Debug|x64
		{2D47EF97-7141-4698-B29D-B0BB952C4AF0}.Debug|x64.Build.0 = Debug|x64
		{2D47EF97-7141-4698-B29D-B0BB952C4AF0}.Debug|x86.ActiveCfg = Debug|Win32
		{2D47EF97-7141-4698-B29D-B0BB952C4AF0}.Debug|x86.Build.0 = Debug|Win32
		{2D47EF97-7141-4698-B29D-B0BB952C4AF0}.Release|x64.ActiveCfg = Release|x64
		{2D47EF97-7141-4698-B29D-B0BB952C4AF0}.Release|x64.Build.0 = Release|x64
		{2D47EF97-7141-4698-B29D-B0BB952C4AF0}.Release|x86.ActiveCfg = Release|Win32
		{2D47EF97-7141-4698-B29D-B0BB952C4AF0}.Release|x86.Build.0 = Release|Win32
		{31D8A611-AEC7-4FB5-A676-9120E5B5F4B2}.Debug|x64.ActiveCfg = Debug|x64
		{31D8A611-AEC7-4FB5-A676-9120E5B5F4B2}.Debug|x64.Build.0 = Debug|x64
		{31D8A611-AEC7-4FB5-A676-9120E5B5F4B2}.Debug|x86.ActiveCfg = Debug|Win32
		{31D8A611-AEC7-4FB5-A676-9120E5B5F4B2}.Debug|x86.Build.0 = Debug|Win32
		{31D8A611-AEC7-4FB5-A676-9120E5B5F4B2}.Release|x64.ActiveCfg = Release|x64
		{31D8A611-AEC7-4FB5-A676-9120E5B5F4B2}.Release|x64.Build.0 = Release|x64
		{31D8A611-AEC7-4FB5-A676-9120E5B5F4B2}.Release|x86.ActiveCfg = Release|Win32
		{31D8A611-AEC7-4FB5-A676-9120E5B5F4B2}.Release|x86.Build.0 = Release|Win32
		{27DF138C-AEB2-46EE-B2AB-1C4559F03B97}.Debug|x64.ActiveCfg = Debug|x64
		{27DF138C-AEB2-46EE-B2AB-1C4559F03B97}.Debug|x64.Build.0 = Debug|x64
		{27DF138C-AEB2-46EE-B2AB-1C4559F03B97}.Debug|x86.ActiveCfg = Debug|Win32
		{27DF138C-AEB2-46EE-B2AB-1C4559F03B97}.Debug|x86.Build.0 = Debug|Win32
		{27DF138C-AEB2-46EE-B2AB-1C4559F03B97}.Release|x64.ActiveCfg = Release|x64
		{27DF138C-AEB2-46EE-B2AB-1C4559F03B97}.Release|x64.Build.0 = Release|x64
		{27DF138C-AEB2-46EE-B2AB-1C4559F03B97}.Release|x86.ActiveCfg = Release|Win32
		{27DF138C-AEB2-46EE-B2AB-1C4559F03B97}.Release|x86.Build.0 = Release|Win32
	EndGlobalSection
	GlobalSection(SolutionProperties) = preSolution
		HideSolutionNode = FALSE
	EndGlobalSection
	GlobalSection(ExtensibilityGlobals) = postSolution
		SolutionGuid = {537557C0-405E-424C-AC27-281D6BF83FBD}
	EndGlobalSection
EndGlobal
