
Microsoft Visual Studio Solution File, Format Version 12.00
# Visual Studio Version 16
VisualStudioVersion = 16.0.29728.190
MinimumVisualStudioVersion = 10.0.40219.1
Project("{8BC9CEB8-8B4A-11D0-8D11-00A0C91BC942}") = "Chapter7-CodeFragments", "Chapter7-CodeFragments\Chapter7-CodeFragments.vcxproj", "{7BA58204-449E-4FB0-8548-D0606C858FAC}"
EndProject
Project("{8BC9CEB8-8B4A-11D0-8D11-00A0C91BC942}") = "Chapter7-PointClass", "Chapter7-PointClass\Chapter7-PointClass.vcxproj", "{8834C23C-8DCC-4AEC-9171-9FCD21876537}"
EndProject
Project("{8BC9CEB8-8B4A-11D0-8D11-00A0C91BC942}") = "Chapter7-Properties", "Chapter7-Properties\Chapter7-Properties.vcxproj", "{72EB3C52-6D1C-4715-B962-3966BEC98B27}"
EndProject
Project("{8BC9CEB8-8B4A-11D0-8D11-00A0C91BC942}") = "Chapter7-QuickExample", "Chapter7-QuickExample\Chapter7-QuickExample.vcxproj", "{10FDCFB3-C19B-4E5C-8C3C-7E1BFCFF6F7E}"
EndProject
Project("{8BC9CEB8-8B4A-11D0-8D11-00A0C91BC942}") = "Chapter7-SFINAE", "Chapter7-SFINAE\Chapter7-SFINAE.vcxproj", "{5281845C-F574-43CC-929E-8704D6E80A51}"
EndProject
Project("{8BC9CEB8-8B4A-11D0-8D11-00A0C91BC942}") = "Chapter7-TemplateClasses", "Chapter7-TemplateClasses\Chapter7-TemplateClasses.vcxproj", "{C4FA8A31-DBFB-489D-B00E-D5C1EEBFBF1F}"
EndProject
Project("{8BC9CEB8-8B4A-11D0-8D11-00A0C91BC942}") = "Chapter7-TemplateFunctions", "Chapter7-TemplateFunctions\Chapter7-TemplateFunctions.vcxproj", "{1F483135-68B6-46AB-BA67-0337C87BC2EA}"
EndProject
Project("{8BC9CEB8-8B4A-11D0-8D11-00A0C91BC942}") = "Chapter7-TemplateSpecialization", "Chapter7-TemplateSpecialization\Chapter7-TemplateSpecialization.vcxproj", "{27A737EB-FD60-474C-A40C-67D8FE8D6900}"
EndProject
Project("{8BC9CEB8-8B4A-11D0-8D11-00A0C91BC942}") = "Chapter7-TestingTypeTesters", "Chapter7-TestingTypeTesters\Chapter7-TestingTypeTesters.vcxproj", "{863F53DE-BF0E-4CDD-A92B-423BCA4B45A0}"
EndProject
Project("{8BC9CEB8-8B4A-11D0-8D11-00A0C91BC942}") = "Chapter7-TypeTransformations", "Chapter7-TypeTransformations\Chapter7-TypeTransformations.vcxproj", "{C306DE11-16D6-4382-BA80-D595AFF9ABC8}"
EndProject
Global
	GlobalSection(SolutionConfigurationPlatforms) = preSolution
		Debug|x64 = Debug|x64
		Debug|x86 = Debug|x86
		Release|x64 = Release|x64
		Release|x86 = Release|x86
	EndGlobalSection
	GlobalSection(ProjectConfigurationPlatforms) = postSolution
		{7BA58204-449E-4FB0-8548-D0606C858FAC}.Debug|x64.ActiveCfg = Debug|x64
		{7BA58204-449E-4FB0-8548-D0606C858FAC}.Debug|x64.Build.0 = Debug|x64
		{7BA58204-449E-4FB0-8548-D0606C858FAC}.Debug|x86.ActiveCfg = Debug|Win32
		{7BA58204-449E-4FB0-8548-D0606C858FAC}.Debug|x86.Build.0 = Debug|Win32
		{7BA58204-449E-4FB0-8548-D0606C858FAC}.Release|x64.ActiveCfg = Release|x64
		{7BA58204-449E-4FB0-8548-D0606C858FAC}.Release|x64.Build.0 = Release|x64
		{7BA58204-449E-4FB0-8548-D0606C858FAC}.Release|x86.ActiveCfg = Release|Win32
		{7BA58204-449E-4FB0-8548-D0606C858FAC}.Release|x86.Build.0 = Release|Win32
		{8834C23C-8DCC-4AEC-9171-9FCD21876537}.Debug|x64.ActiveCfg = Debug|x64
		{8834C23C-8DCC-4AEC-9171-9FCD21876537}.Debug|x64.Build.0 = Debug|x64
		{8834C23C-8DCC-4AEC-9171-9FCD21876537}.Debug|x86.ActiveCfg = Debug|Win32
		{8834C23C-8DCC-4AEC-9171-9FCD21876537}.Debug|x86.Build.0 = Debug|Win32
		{8834C23C-8DCC-4AEC-9171-9FCD21876537}.Release|x64.ActiveCfg = Release|x64
		{8834C23C-8DCC-4AEC-9171-9FCD21876537}.Release|x64.Build.0 = Release|x64
		{8834C23C-8DCC-4AEC-9171-9FCD21876537}.Release|x86.ActiveCfg = Release|Win32
		{8834C23C-8DCC-4AEC-9171-9FCD21876537}.Release|x86.Build.0 = Release|Win32
		{72EB3C52-6D1C-4715-B962-3966BEC98B27}.Debug|x64.ActiveCfg = Debug|x64
		{72EB3C52-6D1C-4715-B962-3966BEC98B27}.Debug|x64.Build.0 = Debug|x64
		{72EB3C52-6D1C-4715-B962-3966BEC98B27}.Debug|x86.ActiveCfg = Debug|Win32
		{72EB3C52-6D1C-4715-B962-3966BEC98B27}.Debug|x86.Build.0 = Debug|Win32
		{72EB3C52-6D1C-4715-B962-3966BEC98B27}.Release|x64.ActiveCfg = Release|x64
		{72EB3C52-6D1C-4715-B962-3966BEC98B27}.Release|x64.Build.0 = Release|x64
		{72EB3C52-6D1C-4715-B962-3966BEC98B27}.Release|x86.ActiveCfg = Release|Win32
		{72EB3C52-6D1C-4715-B962-3966BEC98B27}.Release|x86.Build.0 = Release|Win32
		{10FDCFB3-C19B-4E5C-8C3C-7E1BFCFF6F7E}.Debug|x64.ActiveCfg = Debug|x64
		{10FDCFB3-C19B-4E5C-8C3C-7E1BFCFF6F7E}.Debug|x64.Build.0 = Debug|x64
		{10FDCFB3-C19B-4E5C-8C3C-7E1BFCFF6F7E}.Debug|x86.ActiveCfg = Debug|Win32
		{10FDCFB3-C19B-4E5C-8C3C-7E1BFCFF6F7E}.Debug|x86.Build.0 = Debug|Win32
		{10FDCFB3-C19B-4E5C-8C3C-7E1BFCFF6F7E}.Release|x64.ActiveCfg = Release|x64
		{10FDCFB3-C19B-4E5C-8C3C-7E1BFCFF6F7E}.Release|x64.Build.0 = Release|x64
		{10FDCFB3-C19B-4E5C-8C3C-7E1BFCFF6F7E}.Release|x86.ActiveCfg = Release|Win32
		{10FDCFB3-C19B-4E5C-8C3C-7E1BFCFF6F7E}.Release|x86.Build.0 = Release|Win32
		{5281845C-F574-43CC-929E-8704D6E80A51}.Debug|x64.ActiveCfg = Debug|x64
		{5281845C-F574-43CC-929E-8704D6E80A51}.Debug|x64.Build.0 = Debug|x64
		{5281845C-F574-43CC-929E-8704D6E80A51}.Debug|x86.ActiveCfg = Debug|Win32
		{5281845C-F574-43CC-929E-8704D6E80A51}.Debug|x86.Build.0 = Debug|Win32
		{5281845C-F574-43CC-929E-8704D6E80A51}.Release|x64.ActiveCfg = Release|x64
		{5281845C-F574-43CC-929E-8704D6E80A51}.Release|x64.Build.0 = Release|x64
		{5281845C-F574-43CC-929E-8704D6E80A51}.Release|x86.ActiveCfg = Release|Win32
		{5281845C-F574-43CC-929E-8704D6E80A51}.Release|x86.Build.0 = Release|Win32
		{C4FA8A31-DBFB-489D-B00E-D5C1EEBFBF1F}.Debug|x64.ActiveCfg = Debug|x64
		{C4FA8A31-DBFB-489D-B00E-D5C1EEBFBF1F}.Debug|x64.Build.0 = Debug|x64
		{C4FA8A31-DBFB-489D-B00E-D5C1EEBFBF1F}.Debug|x86.ActiveCfg = Debug|Win32
		{C4FA8A31-DBFB-489D-B00E-D5C1EEBFBF1F}.Debug|x86.Build.0 = Debug|Win32
		{C4FA8A31-DBFB-489D-B00E-D5C1EEBFBF1F}.Release|x64.ActiveCfg = Release|x64
		{C4FA8A31-DBFB-489D-B00E-D5C1EEBFBF1F}.Release|x64.Build.0 = Release|x64
		{C4FA8A31-DBFB-489D-B00E-D5C1EEBFBF1F}.Release|x86.ActiveCfg = Release|Win32
		{C4FA8A31-DBFB-489D-B00E-D5C1EEBFBF1F}.Release|x86.Build.0 = Release|Win32
		{1F483135-68B6-46AB-BA67-0337C87BC2EA}.Debug|x64.ActiveCfg = Debug|x64
		{1F483135-68B6-46AB-BA67-0337C87BC2EA}.Debug|x64.Build.0 = Debug|x64
		{1F483135-68B6-46AB-BA67-0337C87BC2EA}.Debug|x86.ActiveCfg = Debug|Win32
		{1F483135-68B6-46AB-BA67-0337C87BC2EA}.Debug|x86.Build.0 = Debug|Win32
		{1F483135-68B6-46AB-BA67-0337C87BC2EA}.Release|x64.ActiveCfg = Release|x64
		{1F483135-68B6-46AB-BA67-0337C87BC2EA}.Release|x64.Build.0 = Release|x64
		{1F483135-68B6-46AB-BA67-0337C87BC2EA}.Release|x86.ActiveCfg = Release|Win32
		{1F483135-68B6-46AB-BA67-0337C87BC2EA}.Release|x86.Build.0 = Release|Win32
		{27A737EB-FD60-474C-A40C-67D8FE8D6900}.Debug|x64.ActiveCfg = Debug|x64
		{27A737EB-FD60-474C-A40C-67D8FE8D6900}.Debug|x64.Build.0 = Debug|x64
		{27A737EB-FD60-474C-A40C-67D8FE8D6900}.Debug|x86.ActiveCfg = Debug|Win32
		{27A737EB-FD60-474C-A40C-67D8FE8D6900}.Debug|x86.Build.0 = Debug|Win32
		{27A737EB-FD60-474C-A40C-67D8FE8D6900}.Release|x64.ActiveCfg = Release|x64
		{27A737EB-FD60-474C-A40C-67D8FE8D6900}.Release|x64.Build.0 = Release|x64
		{27A737EB-FD60-474C-A40C-67D8FE8D6900}.Release|x86.ActiveCfg = Release|Win32
		{27A737EB-FD60-474C-A40C-67D8FE8D6900}.Release|x86.Build.0 = Release|Win32
		{863F53DE-BF0E-4CDD-A92B-423BCA4B45A0}.Debug|x64.ActiveCfg = Debug|x64
		{863F53DE-BF0E-4CDD-A92B-423BCA4B45A0}.Debug|x64.Build.0 = Debug|x64
		{863F53DE-BF0E-4CDD-A92B-423BCA4B45A0}.Debug|x86.ActiveCfg = Debug|Win32
		{863F53DE-BF0E-4CDD-A92B-423BCA4B45A0}.Debug|x86.Build.0 = Debug|Win32
		{863F53DE-BF0E-4CDD-A92B-423BCA4B45A0}.Release|x64.ActiveCfg = Release|x64
		{863F53DE-BF0E-4CDD-A92B-423BCA4B45A0}.Release|x64.Build.0 = Release|x64
		{863F53DE-BF0E-4CDD-A92B-423BCA4B45A0}.Release|x86.ActiveCfg = Release|Win32
		{863F53DE-BF0E-4CDD-A92B-423BCA4B45A0}.Release|x86.Build.0 = Release|Win32
		{C306DE11-16D6-4382-BA80-D595AFF9ABC8}.Debug|x64.ActiveCfg = Debug|x64
		{C306DE11-16D6-4382-BA80-D595AFF9ABC8}.Debug|x64.Build.0 = Debug|x64
		{C306DE11-16D6-4382-BA80-D595AFF9ABC8}.Debug|x86.ActiveCfg = Debug|Win32
		{C306DE11-16D6-4382-BA80-D595AFF9ABC8}.Debug|x86.Build.0 = Debug|Win32
		{C306DE11-16D6-4382-BA80-D595AFF9ABC8}.Release|x64.ActiveCfg = Release|x64
		{C306DE11-16D6-4382-BA80-D595AFF9ABC8}.Release|x64.Build.0 = Release|x64
		{C306DE11-16D6-4382-BA80-D595AFF9ABC8}.Release|x86.ActiveCfg = Release|Win32
		{C306DE11-16D6-4382-BA80-D595AFF9ABC8}.Release|x86.Build.0 = Release|Win32
	EndGlobalSection
	GlobalSection(SolutionProperties) = preSolution
		HideSolutionNode = FALSE
	EndGlobalSection
	GlobalSection(ExtensibilityGlobals) = postSolution
		SolutionGuid = {F64DE1D3-858A-4984-A2F6-869C5A0967C0}
	EndGlobalSection
EndGlobal
