
Microsoft Visual Studio Solution File, Format Version 12.00
# Visual Studio Version 16
VisualStudioVersion = 16.0.29503.13
MinimumVisualStudioVersion = 10.0.40219.1
Project("{8BC9CEB8-8B4A-11D0-8D11-00A0C91BC942}") = "PeopleHierarchy", "PeopleHierarchy\PeopleHierarchy.vcxproj", "{4088092C-41F2-4D3E-BB5E-0C96DAA3B8E8}"
EndProject
Project("{8BC9CEB8-8B4A-11D0-8D11-00A0C91BC942}") = "Chapter1-Person", "..\Chapter1-Person\Chapter1-Person.vcxproj", "{FA8FBFE1-0AB5-415D-80D6-05A1EAA36629}"
EndProject
Project("{8BC9CEB8-8B4A-11D0-8D11-00A0C91BC942}") = "Chapter1-PersonTest", "..\Chapter1-PersonTest\Chapter1-PersonTest.vcxproj", "{2D47EF97-7141-4698-B29D-B0BB952C4AF0}"
EndProject
Project("{8BC9CEB8-8B4A-11D0-8D11-00A0C91BC942}") = "Chapter1-Dev", "..\Chapter1-Dev\Chapter1-Dev.vcxproj", "{D143B5FD-7DDF-4D18-8564-22D276E6B436}"
EndProject
Project("{8BC9CEB8-8B4A-11D0-8D11-00A0C91BC942}") = "Chapter1-DevTest", "..\Chapter1-DevTest\Chapter1-DevTest.vcxproj", "{31D8A611-AEC7-4FB5-A676-9120E5B5F4B2}"
EndProject
Project("{8BC9CEB8-8B4A-11D0-8D11-00A0C91BC942}") = "CustomTraits", "..\CustomTraits\CustomTraits.vcxproj", "{F8C8F634-8E81-4CA7-A5F8-A9CCF2F74116}"
EndProject
Global
	GlobalSection(SolutionConfigurationPlatforms) = preSolution
		Debug|x64 = Debug|x64
		Debug|x86 = Debug|x86
		Release|x64 = Release|x64
		Release|x86 = Release|x86
	EndGlobalSection
	GlobalSection(ProjectConfigurationPlatforms) = postSolution
		{4088092C-41F2-4D3E-BB5E-0C96DAA3B8E8}.Debug|x64.ActiveCfg = Debug|x64
		{4088092C-41F2-4D3E-BB5E-0C96DAA3B8E8}.Debug|x64.Build.0 = Debug|x64
		{4088092C-41F2-4D3E-BB5E-0C96DAA3B8E8}.Debug|x86.ActiveCfg = Debug|Win32
		{4088092C-41F2-4D3E-BB5E-0C96DAA3B8E8}.Debug|x86.Build.0 = Debug|Win32
		{4088092C-41F2-4D3E-BB5E-0C96DAA3B8E8}.Release|x64.ActiveCfg = Release|x64
		{4088092C-41F2-4D3E-BB5E-0C96DAA3B8E8}.Release|x64.Build.0 = Release|x64
		{4088092C-41F2-4D3E-BB5E-0C96DAA3B8E8}.Release|x86.ActiveCfg = Release|Win32
		{4088092C-41F2-4D3E-BB5E-0C96DAA3B8E8}.Release|x86.Build.0 = Release|Win32
		{FA8FBFE1-0AB5-415D-80D6-05A1EAA36629}.Debug|x64.ActiveCfg = Debug|x64
		{FA8FBFE1-0AB5-415D-80D6-05A1EAA36629}.Debug|x64.Build.0 = Debug|x64
		{FA8FBFE1-0AB5-415D-80D6-05A1EAA36629}.Debug|x86.ActiveCfg = Debug|Win32
		{FA8FBFE1-0AB5-415D-80D6-05A1EAA36629}.Debug|x86.Build.0 = Debug|Win32
		{FA8FBFE1-0AB5-415D-80D6-05A1EAA36629}.Release|x64.ActiveCfg = Release|x64
		{FA8FBFE1-0AB5-415D-80D6-05A1EAA36629}.Release|x64.Build.0 = Release|x64
		{FA8FBFE1-0AB5-415D-80D6-05A1EAA36629}.Release|x86.ActiveCfg = Release|Win32
		{FA8FBFE1-0AB5-415D-80D6-05A1EAA36629}.Release|x86.Build.0 = Release|Win32
		{2D47EF97-7141-4698-B29D-B0BB952C4AF0}.Debug|x64.ActiveCfg = Debug|x64
		{2D47EF97-7141-4698-B29D-B0BB952C4AF0}.Debug|x64.Build.0 = Debug|x64
		{2D47EF97-7141-4698-B29D-B0BB952C4AF0}.Debug|x86.ActiveCfg = Debug|Win32
		{2D47EF97-7141-4698-B29D-B0BB952C4AF0}.Debug|x86.Build.0 = Debug|Win32
		{2D47EF97-7141-4698-B29D-B0BB952C4AF0}.Release|x64.ActiveCfg = Release|x64
		{2D47EF97-7141-4698-B29D-B0BB952C4AF0}.Release|x64.Build.0 = Release|x64
		{2D47EF97-7141-4698-B29D-B0BB952C4AF0}.Release|x86.ActiveCfg = Release|Win32
		{2D47EF97-7141-4698-B29D-B0BB952C4AF0}.Release|x86.Build.0 = Release|Win32
		{D143B5FD-7DDF-4D18-8564-22D276E6B436}.Debug|x64.ActiveCfg = Debug|x64
		{D143B5FD-7DDF-4D18-8564-22D276E6B436}.Debug|x64.Build.0 = Debug|x64
		{D143B5FD-7DDF-4D18-8564-22D276E6B436}.Debug|x86.ActiveCfg = Debug|Win32
		{D143B5FD-7DDF-4D18-8564-22D276E6B436}.Debug|x86.Build.0 = Debug|Win32
		{D143B5FD-7DDF-4D18-8564-22D276E6B436}.Release|x64.ActiveCfg = Release|x64
		{D143B5FD-7DDF-4D18-8564-22D276E6B436}.Release|x64.Build.0 = Release|x64
		{D143B5FD-7DDF-4D18-8564-22D276E6B436}.Release|x86.ActiveCfg = Release|Win32
		{D143B5FD-7DDF-4D18-8564-22D276E6B436}.Release|x86.Build.0 = Release|Win32
		{31D8A611-AEC7-4FB5-A676-9120E5B5F4B2}.Debug|x64.ActiveCfg = Debug|x64
		{31D8A611-AEC7-4FB5-A676-9120E5B5F4B2}.Debug|x64.Build.0 = Debug|x64
		{31D8A611-AEC7-4FB5-A676-9120E5B5F4B2}.Debug|x86.ActiveCfg = Debug|Win32
		{31D8A611-AEC7-4FB5-A676-9120E5B5F4B2}.Debug|x86.Build.0 = Debug|Win32
		{31D8A611-AEC7-4FB5-A676-9120E5B5F4B2}.Release|x64.ActiveCfg = Release|x64
		{31D8A611-AEC7-4FB5-A676-9120E5B5F4B2}.Release|x64.Build.0 = Release|x64
		{31D8A611-AEC7-4FB5-A676-9120E5B5F4B2}.Release|x86.ActiveCfg = Release|Win32
		{31D8A611-AEC7-4FB5-A676-9120E5B5F4B2}.Release|x86.Build.0 = Release|Win32
		{F8C8F634-8E81-4CA7-A5F8-A9CCF2F74116}.Debug|x64.ActiveCfg = Debug|x64
		{F8C8F634-8E81-4CA7-A5F8-A9CCF2F74116}.Debug|x64.Build.0 = Debug|x64
		{F8C8F634-8E81-4CA7-A5F8-A9CCF2F74116}.Debug|x86.ActiveCfg = Debug|Win32
		{F8C8F634-8E81-4CA7-A5F8-A9CCF2F74116}.Debug|x86.Build.0 = Debug|Win32
		{F8C8F634-8E81-4CA7-A5F8-A9CCF2F74116}.Release|x64.ActiveCfg = Release|x64
		{F8C8F634-8E81-4CA7-A5F8-A9CCF2F74116}.Release|x64.Build.0 = Release|x64
		{F8C8F634-8E81-4CA7-A5F8-A9CCF2F74116}.Release|x86.ActiveCfg = Release|Win32
		{F8C8F634-8E81-4CA7-A5F8-A9CCF2F74116}.Release|x86.Build.0 = Release|Win32
	EndGlobalSection
	GlobalSection(SolutionProperties) = preSolution
		HideSolutionNode = FALSE
	EndGlobalSection
	GlobalSection(ExtensibilityGlobals) = postSolution
		SolutionGuid = {0759C2DA-6515-4DF4-B43F-A761A4E41595}
	EndGlobalSection
EndGlobal
